
Microsoft Visual Studio Solution File, Format Version 12.00
# Visual Studio Version 17
VisualStudioVersion = 17.9.34701.34
MinimumVisualStudioVersion = 10.0.40219.1
Project("{9A19103F-16F7-4668-BE54-9A1E7A4F7556}") = "EjemploCondicionales", "Ejemplo2\EjemploCondicionales.csproj", "{4D5CCF45-85BF-40C9-8EB6-6750E74D3C77}"
EndProject
Project("{2150E333-8FDC-42A3-9474-1A3956D46DE8}") = "Ejemplos", "Ejemplos", "{68AF0D57-B4A1-4182-8E91-FBFE2B129676}"
EndProject
Project("{9A19103F-16F7-4668-BE54-9A1E7A4F7556}") = "Ejercicio6", "Ejercicio6\Ejercicio6.csproj", "{6E6CA048-559C-4AC9-B6C4-76901CA8AA8A}"
EndProject
Project("{2150E333-8FDC-42A3-9474-1A3956D46DE8}") = "Ejercicios", "Ejercicios", "{BBDE6BBF-BCCC-461E-BBAC-97667BE85B9F}"
EndProject
Project("{9A19103F-16F7-4668-BE54-9A1E7A4F7556}") = "EjemploBucles", "EjemploBucles\EjemploBucles.csproj", "{B8111267-4CC8-4A84-90C3-22267689C229}"
EndProject
Project("{FAE04EC0-301F-11D3-BF4B-00C04F79EFBC}") = "Ejercicio_1", "Ejercicio_1\Ejercicio_1.csproj", "{16982E78-A92B-46FA-BFEF-B2FB1EA97F87}"
EndProject
Project("{FAE04EC0-301F-11D3-BF4B-00C04F79EFBC}") = "Ejercicio2", "Ejercicio2\Ejercicio2.csproj", "{F6B98B8B-4632-4B04-8A9C-AA40DB2062DB}"
EndProject
Project("{FAE04EC0-301F-11D3-BF4B-00C04F79EFBC}") = "Ejercicio3", "Ejercicio3\Ejercicio3.csproj", "{BACA8E40-47D3-48EA-B08D-5DCA13608EAE}"
EndProject
Project("{FAE04EC0-301F-11D3-BF4B-00C04F79EFBC}") = "Ejercicio5", "Ejercicio5\Ejercicio5.csproj", "{96D90CE2-191A-4E2F-BF2F-DD8ED052E3CD}"
EndProject
Project("{FAE04EC0-301F-11D3-BF4B-00C04F79EFBC}") = "Ejercicio7", "Ejercicio7\Ejercicio7.csproj", "{5EC2C922-E1D5-46B4-A19D-9C4D2E7B2FF6}"
EndProject
Global
	GlobalSection(SolutionConfigurationPlatforms) = preSolution
		Debug|Any CPU = Debug|Any CPU
		Release|Any CPU = Release|Any CPU
	EndGlobalSection
	GlobalSection(ProjectConfigurationPlatforms) = postSolution
		{4D5CCF45-85BF-40C9-8EB6-6750E74D3C77}.Debug|Any CPU.ActiveCfg = Debug|Any CPU
		{4D5CCF45-85BF-40C9-8EB6-6750E74D3C77}.Debug|Any CPU.Build.0 = Debug|Any CPU
		{4D5CCF45-85BF-40C9-8EB6-6750E74D3C77}.Release|Any CPU.ActiveCfg = Release|Any CPU
		{4D5CCF45-85BF-40C9-8EB6-6750E74D3C77}.Release|Any CPU.Build.0 = Release|Any CPU
		{6E6CA048-559C-4AC9-B6C4-76901CA8AA8A}.Debug|Any CPU.ActiveCfg = Debug|Any CPU
		{6E6CA048-559C-4AC9-B6C4-76901CA8AA8A}.Debug|Any CPU.Build.0 = Debug|Any CPU
		{6E6CA048-559C-4AC9-B6C4-76901CA8AA8A}.Release|Any CPU.ActiveCfg = Release|Any CPU
		{6E6CA048-559C-4AC9-B6C4-76901CA8AA8A}.Release|Any CPU.Build.0 = Release|Any CPU
		{B8111267-4CC8-4A84-90C3-22267689C229}.Debug|Any CPU.ActiveCfg = Debug|Any CPU
		{B8111267-4CC8-4A84-90C3-22267689C229}.Debug|Any CPU.Build.0 = Debug|Any CPU
		{B8111267-4CC8-4A84-90C3-22267689C229}.Release|Any CPU.ActiveCfg = Release|Any CPU
		{B8111267-4CC8-4A84-90C3-22267689C229}.Release|Any CPU.Build.0 = Release|Any CPU
		{16982E78-A92B-46FA-BFEF-B2FB1EA97F87}.Debug|Any CPU.ActiveCfg = Debug|Any CPU
		{16982E78-A92B-46FA-BFEF-B2FB1EA97F87}.Debug|Any CPU.Build.0 = Debug|Any CPU
		{16982E78-A92B-46FA-BFEF-B2FB1EA97F87}.Release|Any CPU.ActiveCfg = Release|Any CPU
		{16982E78-A92B-46FA-BFEF-B2FB1EA97F87}.Release|Any CPU.Build.0 = Release|Any CPU
		{F6B98B8B-4632-4B04-8A9C-AA40DB2062DB}.Debug|Any CPU.ActiveCfg = Debug|Any CPU
		{F6B98B8B-4632-4B04-8A9C-AA40DB2062DB}.Debug|Any CPU.Build.0 = Debug|Any CPU
		{F6B98B8B-4632-4B04-8A9C-AA40DB2062DB}.Release|Any CPU.ActiveCfg = Release|Any CPU
		{F6B98B8B-4632-4B04-8A9C-AA40DB2062DB}.Release|Any CPU.Build.0 = Release|Any CPU
		{BACA8E40-47D3-48EA-B08D-5DCA13608EAE}.Debug|Any CPU.ActiveCfg = Debug|Any CPU
		{BACA8E40-47D3-48EA-B08D-5DCA13608EAE}.Debug|Any CPU.Build.0 = Debug|Any CPU
		{BACA8E40-47D3-48EA-B08D-5DCA13608EAE}.Release|Any CPU.ActiveCfg = Release|Any CPU
		{BACA8E40-47D3-48EA-B08D-5DCA13608EAE}.Release|Any CPU.Build.0 = Release|Any CPU
		{96D90CE2-191A-4E2F-BF2F-DD8ED052E3CD}.Debug|Any CPU.ActiveCfg = Debug|Any CPU
		{96D90CE2-191A-4E2F-BF2F-DD8ED052E3CD}.Debug|Any CPU.Build.0 = Debug|Any CPU
		{96D90CE2-191A-4E2F-BF2F-DD8ED052E3CD}.Release|Any CPU.ActiveCfg = Release|Any CPU
		{96D90CE2-191A-4E2F-BF2F-DD8ED052E3CD}.Release|Any CPU.Build.0 = Release|Any CPU
		{5EC2C922-E1D5-46B4-A19D-9C4D2E7B2FF6}.Debug|Any CPU.ActiveCfg = Debug|Any CPU
		{5EC2C922-E1D5-46B4-A19D-9C4D2E7B2FF6}.Debug|Any CPU.Build.0 = Debug|Any CPU
		{5EC2C922-E1D5-46B4-A19D-9C4D2E7B2FF6}.Release|Any CPU.ActiveCfg = Release|Any CPU
		{5EC2C922-E1D5-46B4-A19D-9C4D2E7B2FF6}.Release|Any CPU.Build.0 = Release|Any CPU
	EndGlobalSection
	GlobalSection(SolutionProperties) = preSolution
		HideSolutionNode = FALSE
	EndGlobalSection
	GlobalSection(NestedProjects) = preSolution
		{4D5CCF45-85BF-40C9-8EB6-6750E74D3C77} = {68AF0D57-B4A1-4182-8E91-FBFE2B129676}
		{6E6CA048-559C-4AC9-B6C4-76901CA8AA8A} = {BBDE6BBF-BCCC-461E-BBAC-97667BE85B9F}
		{B8111267-4CC8-4A84-90C3-22267689C229} = {68AF0D57-B4A1-4182-8E91-FBFE2B129676}
		{16982E78-A92B-46FA-BFEF-B2FB1EA97F87} = {BBDE6BBF-BCCC-461E-BBAC-97667BE85B9F}
		{F6B98B8B-4632-4B04-8A9C-AA40DB2062DB} = {BBDE6BBF-BCCC-461E-BBAC-97667BE85B9F}
		{BACA8E40-47D3-48EA-B08D-5DCA13608EAE} = {BBDE6BBF-BCCC-461E-BBAC-97667BE85B9F}
		{96D90CE2-191A-4E2F-BF2F-DD8ED052E3CD} = {BBDE6BBF-BCCC-461E-BBAC-97667BE85B9F}
		{5EC2C922-E1D5-46B4-A19D-9C4D2E7B2FF6} = {BBDE6BBF-BCCC-461E-BBAC-97667BE85B9F}
	EndGlobalSection
	GlobalSection(ExtensibilityGlobals) = postSolution
		SolutionGuid = {79929830-9ADC-4F01-ADB2-C58AF07331E9}
	EndGlobalSection
EndGlobal
